// !$*UTF8*$!
{
	archiveVersion = 1;
	classes = {
	};
	objectVersion = 46;
	objects = {

/* Begin PBXBuildFile section */
		093DBCD51CAD74B2001CA35F /* CABasicAnimationViewController.m in Sources */ = {isa = PBXBuildFile; fileRef = 093DBCD41CAD74B2001CA35F /* CABasicAnimationViewController.m */; };
		093DBCD81CAD78A5001CA35F /* CAKeyFrameAnimationDemoVC.m in Sources */ = {isa = PBXBuildFile; fileRef = 093DBCD71CAD78A5001CA35F /* CAKeyFrameAnimationDemoVC.m */; };
		185036F11CB4F8CE00AFBED2 /* RoundCirclePathAnimation.m in Sources */ = {isa = PBXBuildFile; fileRef = 185036F01CB4F8CE00AFBED2 /* RoundCirclePathAnimation.m */; };
		1880FE1A1C33B80B00B203F7 /* main.m in Sources */ = {isa = PBXBuildFile; fileRef = 1880FE191C33B80B00B203F7 /* main.m */; };
		1880FE1D1C33B80B00B203F7 /* AppDelegate.m in Sources */ = {isa = PBXBuildFile; fileRef = 1880FE1C1C33B80B00B203F7 /* AppDelegate.m */; };
		1880FE201C33B80B00B203F7 /* ViewController.m in Sources */ = {isa = PBXBuildFile; fileRef = 1880FE1F1C33B80B00B203F7 /* ViewController.m */; };
		1880FE231C33B80B00B203F7 /* Main.storyboard in Resources */ = {isa = PBXBuildFile; fileRef = 1880FE211C33B80B00B203F7 /* Main.storyboard */; };
		1880FE251C33B80B00B203F7 /* Assets.xcassets in Resources */ = {isa = PBXBuildFile; fileRef = 1880FE241C33B80B00B203F7 /* Assets.xcassets */; };
		1880FE331C33B80B00B203F7 /* AnimationTestTests.m in Sources */ = {isa = PBXBuildFile; fileRef = 1880FE321C33B80B00B203F7 /* AnimationTestTests.m */; };
		1880FE3E1C33B80B00B203F7 /* AnimationTestUITests.m in Sources */ = {isa = PBXBuildFile; fileRef = 1880FE3D1C33B80B00B203F7 /* AnimationTestUITests.m */; };
		1880FED11C33E05000B203F7 /* CALayer+MyCALayer.m in Sources */ = {isa = PBXBuildFile; fileRef = 1880FED01C33E05000B203F7 /* CALayer+MyCALayer.m */; };
		607108C77343E777070F60DB /* libPods-AnimationTest.a in Frameworks */ = {isa = PBXBuildFile; fileRef = BBE3135646F1A1D712BBC6C5 /* libPods-AnimationTest.a */; };
/* End PBXBuildFile section */

/* Begin PBXContainerItemProxy section */
		1880FE2F1C33B80B00B203F7 /* PBXContainerItemProxy */ = {
			isa = PBXContainerItemProxy;
			containerPortal = 1880FE0D1C33B80B00B203F7 /* Project object */;
			proxyType = 1;
			remoteGlobalIDString = 1880FE141C33B80B00B203F7;
			remoteInfo = AnimationTest;
		};
		1880FE3A1C33B80B00B203F7 /* PBXContainerItemProxy */ = {
			isa = PBXContainerItemProxy;
			containerPortal = 1880FE0D1C33B80B00B203F7 /* Project object */;
			proxyType = 1;
			remoteGlobalIDString = 1880FE141C33B80B00B203F7;
			remoteInfo = AnimationTest;
		};
/* End PBXContainerItemProxy section */

/* Begin PBXFileReference section */
		093DBCD21CAD7316001CA35F /* PrefixHeader.pch */ = {isa = PBXFileReference; lastKnownFileType = sourcecode.c.h; path = PrefixHeader.pch; sourceTree = "<group>"; };
		093DBCD31CAD74B2001CA35F /* CABasicAnimationViewController.h */ = {isa = PBXFileReference; fileEncoding = 4; lastKnownFileType = sourcecode.c.h; path = CABasicAnimationViewController.h; sourceTree = "<group>"; };
		093DBCD41CAD74B2001CA35F /* CABasicAnimationViewController.m */ = {isa = PBXFileReference; fileEncoding = 4; lastKnownFileType = sourcecode.c.objc; path = CABasicAnimationViewController.m; sourceTree = "<group>"; };
		093DBCD61CAD78A5001CA35F /* CAKeyFrameAnimationDemoVC.h */ = {isa = PBXFileReference; fileEncoding = 4; lastKnownFileType = sourcecode.c.h; path = CAKeyFrameAnimationDemoVC.h; sourceTree = "<group>"; };
		093DBCD71CAD78A5001CA35F /* CAKeyFrameAnimationDemoVC.m */ = {isa = PBXFileReference; fileEncoding = 4; lastKnownFileType = sourcecode.c.objc; path = CAKeyFrameAnimationDemoVC.m; sourceTree = "<group>"; };
		185036EF1CB4F8CE00AFBED2 /* RoundCirclePathAnimation.h */ = {isa = PBXFileReference; fileEncoding = 4; lastKnownFileType = sourcecode.c.h; path = RoundCirclePathAnimation.h; sourceTree = "<group>"; };
		185036F01CB4F8CE00AFBED2 /* RoundCirclePathAnimation.m */ = {isa = PBXFileReference; fileEncoding = 4; lastKnownFileType = sourcecode.c.objc; path = RoundCirclePathAnimation.m; sourceTree = "<group>"; };
		1880FE151C33B80B00B203F7 /* AnimationTest.app */ = {isa = PBXFileReference; explicitFileType = wrapper.application; includeInIndex = 0; path = AnimationTest.app; sourceTree = BUILT_PRODUCTS_DIR; };
		1880FE191C33B80B00B203F7 /* main.m */ = {isa = PBXFileReference; lastKnownFileType = sourcecode.c.objc; path = main.m; sourceTree = "<group>"; };
		1880FE1B1C33B80B00B203F7 /* AppDelegate.h */ = {isa = PBXFileReference; lastKnownFileType = sourcecode.c.h; path = AppDelegate.h; sourceTree = "<group>"; };
		1880FE1C1C33B80B00B203F7 /* AppDelegate.m */ = {isa = PBXFileReference; lastKnownFileType = sourcecode.c.objc; path = AppDelegate.m; sourceTree = "<group>"; };
		1880FE1E1C33B80B00B203F7 /* ViewController.h */ = {isa = PBXFileReference; lastKnownFileType = sourcecode.c.h; path = ViewController.h; sourceTree = "<group>"; };
		1880FE1F1C33B80B00B203F7 /* ViewController.m */ = {isa = PBXFileReference; lastKnownFileType = sourcecode.c.objc; path = ViewController.m; sourceTree = "<group>"; };
		1880FE221C33B80B00B203F7 /* Base */ = {isa = PBXFileReference; lastKnownFileType = file.storyboard; name = Base; path = Base.lproj/Main.storyboard; sourceTree = "<group>"; };
		1880FE241C33B80B00B203F7 /* Assets.xcassets */ = {isa = PBXFileReference; lastKnownFileType = folder.assetcatalog; path = Assets.xcassets; sourceTree = "<group>"; };
		1880FE291C33B80B00B203F7 /* Info.plist */ = {isa = PBXFileReference; lastKnownFileType = text.plist.xml; path = Info.plist; sourceTree = "<group>"; };
		1880FE2E1C33B80B00B203F7 /* AnimationTestTests.xctest */ = {isa = PBXFileReference; explicitFileType = wrapper.cfbundle; includeInIndex = 0; path = AnimationTestTests.xctest; sourceTree = BUILT_PRODUCTS_DIR; };
		1880FE321C33B80B00B203F7 /* AnimationTestTests.m */ = {isa = PBXFileReference; lastKnownFileType = sourcecode.c.objc; path = AnimationTestTests.m; sourceTree = "<group>"; };
		1880FE341C33B80B00B203F7 /* Info.plist */ = {isa = PBXFileReference; lastKnownFileType = text.plist.xml; path = Info.plist; sourceTree = "<group>"; };
		1880FE391C33B80B00B203F7 /* AnimationTestUITests.xctest */ = {isa = PBXFileReference; explicitFileType = wrapper.cfbundle; includeInIndex = 0; path = AnimationTestUITests.xctest; sourceTree = BUILT_PRODUCTS_DIR; };
		1880FE3D1C33B80B00B203F7 /* AnimationTestUITests.m */ = {isa = PBXFileReference; lastKnownFileType = sourcecode.c.objc; path = AnimationTestUITests.m; sourceTree = "<group>"; };
		1880FE3F1C33B80B00B203F7 /* Info.plist */ = {isa = PBXFileReference; lastKnownFileType = text.plist.xml; path = Info.plist; sourceTree = "<group>"; };
		1880FECF1C33E04F00B203F7 /* CALayer+MyCALayer.h */ = {isa = PBXFileReference; fileEncoding = 4; lastKnownFileType = sourcecode.c.h; path = "CALayer+MyCALayer.h"; sourceTree = "<group>"; };
		1880FED01C33E05000B203F7 /* CALayer+MyCALayer.m */ = {isa = PBXFileReference; fileEncoding = 4; lastKnownFileType = sourcecode.c.objc; path = "CALayer+MyCALayer.m"; sourceTree = "<group>"; };
		71549D112CE39AC3D457E7C9 /* Pods-AnimationTest.debug.xcconfig */ = {isa = PBXFileReference; includeInIndex = 1; lastKnownFileType = text.xcconfig; name = "Pods-AnimationTest.debug.xcconfig"; path = "Pods/Target Support Files/Pods-AnimationTest/Pods-AnimationTest.debug.xcconfig"; sourceTree = "<group>"; };
		BBE3135646F1A1D712BBC6C5 /* libPods-AnimationTest.a */ = {isa = PBXFileReference; explicitFileType = archive.ar; includeInIndex = 0; path = "libPods-AnimationTest.a"; sourceTree = BUILT_PRODUCTS_DIR; };
		FD984DDEC3418E7A7FC8C1B8 /* Pods-AnimationTest.release.xcconfig */ = {isa = PBXFileReference; includeInIndex = 1; lastKnownFileType = text.xcconfig; name = "Pods-AnimationTest.release.xcconfig"; path = "Pods/Target Support Files/Pods-AnimationTest/Pods-AnimationTest.release.xcconfig"; sourceTree = "<group>"; };
/* End PBXFileReference section */

/* Begin PBXFrameworksBuildPhase section */
		1880FE121C33B80B00B203F7 /* Frameworks */ = {
			isa = PBXFrameworksBuildPhase;
			buildActionMask = 2147483647;
			files = (
				607108C77343E777070F60DB /* libPods-AnimationTest.a in Frameworks */,
			);
			runOnlyForDeploymentPostprocessing = 0;
		};
		1880FE2B1C33B80B00B203F7 /* Frameworks */ = {
			isa = PBXFrameworksBuildPhase;
			buildActionMask = 2147483647;
			files = (
			);
			runOnlyForDeploymentPostprocessing = 0;
		};
		1880FE361C33B80B00B203F7 /* Frameworks */ = {
			isa = PBXFrameworksBuildPhase;
			buildActionMask = 2147483647;
			files = (
			);
			runOnlyForDeploymentPostprocessing = 0;
		};
/* End PBXFrameworksBuildPhase section */

/* Begin PBXGroup section */
		1880FE0C1C33B80B00B203F7 = {
			isa = PBXGroup;
			children = (
				1880FE171C33B80B00B203F7 /* AnimationTest */,
				1880FE311C33B80B00B203F7 /* AnimationTestTests */,
				1880FE3C1C33B80B00B203F7 /* AnimationTestUITests */,
				1880FE161C33B80B00B203F7 /* Products */,
				F3A5F55EFF75C06102BC6F38 /* Pods */,
				EB2ED965E1CECD89AA4E4C44 /* Frameworks */,
			);
			sourceTree = "<group>";
		};
		1880FE161C33B80B00B203F7 /* Products */ = {
			isa = PBXGroup;
			children = (
				1880FE151C33B80B00B203F7 /* AnimationTest.app */,
				1880FE2E1C33B80B00B203F7 /* AnimationTestTests.xctest */,
				1880FE391C33B80B00B203F7 /* AnimationTestUITests.xctest */,
			);
			name = Products;
			sourceTree = "<group>";
		};
		1880FE171C33B80B00B203F7 /* AnimationTest */ = {
			isa = PBXGroup;
			children = (
				1880FE1B1C33B80B00B203F7 /* AppDelegate.h */,
				1880FE1C1C33B80B00B203F7 /* AppDelegate.m */,
				1880FE1E1C33B80B00B203F7 /* ViewController.h */,
				1880FE1F1C33B80B00B203F7 /* ViewController.m */,
				093DBCD31CAD74B2001CA35F /* CABasicAnimationViewController.h */,
				093DBCD41CAD74B2001CA35F /* CABasicAnimationViewController.m */,
				093DBCD61CAD78A5001CA35F /* CAKeyFrameAnimationDemoVC.h */,
				093DBCD71CAD78A5001CA35F /* CAKeyFrameAnimationDemoVC.m */,
				185036EF1CB4F8CE00AFBED2 /* RoundCirclePathAnimation.h */,
				185036F01CB4F8CE00AFBED2 /* RoundCirclePathAnimation.m */,
				1880FECF1C33E04F00B203F7 /* CALayer+MyCALayer.h */,
				1880FED01C33E05000B203F7 /* CALayer+MyCALayer.m */,
				093DBCD21CAD7316001CA35F /* PrefixHeader.pch */,
				1880FE211C33B80B00B203F7 /* Main.storyboard */,
				1880FE241C33B80B00B203F7 /* Assets.xcassets */,
				1880FE291C33B80B00B203F7 /* Info.plist */,
				1880FE181C33B80B00B203F7 /* Supporting Files */,
			);
			path = AnimationTest;
			sourceTree = "<group>";
		};
		1880FE181C33B80B00B203F7 /* Supporting Files */ = {
			isa = PBXGroup;
			children = (
				1880FE191C33B80B00B203F7 /* main.m */,
			);
			name = "Supporting Files";
			sourceTree = "<group>";
		};
		1880FE311C33B80B00B203F7 /* AnimationTestTests */ = {
			isa = PBXGroup;
			children = (
				1880FE321C33B80B00B203F7 /* AnimationTestTests.m */,
				1880FE341C33B80B00B203F7 /* Info.plist */,
			);
			path = AnimationTestTests;
			sourceTree = "<group>";
		};
		1880FE3C1C33B80B00B203F7 /* AnimationTestUITests */ = {
			isa = PBXGroup;
			children = (
				1880FE3D1C33B80B00B203F7 /* AnimationTestUITests.m */,
				1880FE3F1C33B80B00B203F7 /* Info.plist */,
			);
			path = AnimationTestUITests;
			sourceTree = "<group>";
		};
		EB2ED965E1CECD89AA4E4C44 /* Frameworks */ = {
			isa = PBXGroup;
			children = (
				BBE3135646F1A1D712BBC6C5 /* libPods-AnimationTest.a */,
			);
			name = Frameworks;
			sourceTree = "<group>";
		};
		F3A5F55EFF75C06102BC6F38 /* Pods */ = {
			isa = PBXGroup;
			children = (
				71549D112CE39AC3D457E7C9 /* Pods-AnimationTest.debug.xcconfig */,
				FD984DDEC3418E7A7FC8C1B8 /* Pods-AnimationTest.release.xcconfig */,
			);
			name = Pods;
			sourceTree = "<group>";
		};
/* End PBXGroup section */

/* Begin PBXNativeTarget section */
		1880FE141C33B80B00B203F7 /* AnimationTest */ = {
			isa = PBXNativeTarget;
			buildConfigurationList = 1880FE421C33B80B00B203F7 /* Build configuration list for PBXNativeTarget "AnimationTest" */;
			buildPhases = (
				77AD96782BC5D7FA82D87756 /* Check Pods Manifest.lock */,
				1880FE111C33B80B00B203F7 /* Sources */,
				1880FE121C33B80B00B203F7 /* Frameworks */,
				1880FE131C33B80B00B203F7 /* Resources */,
				1A8FC4F1D226CD328050C07E /* Embed Pods Frameworks */,
				1974A7F6FF350EE01653B74D /* Copy Pods Resources */,
			);
			buildRules = (
			);
			dependencies = (
			);
			name = AnimationTest;
			productName = AnimationTest;
			productReference = 1880FE151C33B80B00B203F7 /* AnimationTest.app */;
			productType = "com.apple.product-type.application";
		};
		1880FE2D1C33B80B00B203F7 /* AnimationTestTests */ = {
			isa = PBXNativeTarget;
			buildConfigurationList = 1880FE451C33B80B00B203F7 /* Build configuration list for PBXNativeTarget "AnimationTestTests" */;
			buildPhases = (
				1880FE2A1C33B80B00B203F7 /* Sources */,
				1880FE2B1C33B80B00B203F7 /* Frameworks */,
				1880FE2C1C33B80B00B203F7 /* Resources */,
			);
			buildRules = (
			);
			dependencies = (
				1880FE301C33B80B00B203F7 /* PBXTargetDependency */,
			);
			name = AnimationTestTests;
			productName = AnimationTestTests;
			productReference = 1880FE2E1C33B80B00B203F7 /* AnimationTestTests.xctest */;
			productType = "com.apple.product-type.bundle.unit-test";
		};
		1880FE381C33B80B00B203F7 /* AnimationTestUITests */ = {
			isa = PBXNativeTarget;
			buildConfigurationList = 1880FE481C33B80B00B203F7 /* Build configuration list for PBXNativeTarget "AnimationTestUITests" */;
			buildPhases = (
				1880FE351C33B80B00B203F7 /* Sources */,
				1880FE361C33B80B00B203F7 /* Frameworks */,
				1880FE371C33B80B00B203F7 /* Resources */,
			);
			buildRules = (
			);
			dependencies = (
				1880FE3B1C33B80B00B203F7 /* PBXTargetDependency */,
			);
			name = AnimationTestUITests;
			productName = AnimationTestUITests;
			productReference = 1880FE391C33B80B00B203F7 /* AnimationTestUITests.xctest */;
			productType = "com.apple.product-type.bundle.ui-testing";
		};
/* End PBXNativeTarget section */

/* Begin PBXProject section */
		1880FE0D1C33B80B00B203F7 /* Project object */ = {
			isa = PBXProject;
			attributes = {
				LastUpgradeCheck = 0710;
				ORGANIZATIONNAME = apple;
				TargetAttributes = {
					1880FE141C33B80B00B203F7 = {
						CreatedOnToolsVersion = 7.1.1;
						DevelopmentTeam = VT6HKJNGDV;
					};
					1880FE2D1C33B80B00B203F7 = {
						CreatedOnToolsVersion = 7.1.1;
						TestTargetID = 1880FE141C33B80B00B203F7;
					};
					1880FE381C33B80B00B203F7 = {
						CreatedOnToolsVersion = 7.1.1;
						TestTargetID = 1880FE141C33B80B00B203F7;
					};
				};
			};
			buildConfigurationList = 1880FE101C33B80B00B203F7 /* Build configuration list for PBXProject "AnimationTest" */;
			compatibilityVersion = "Xcode 3.2";
			developmentRegion = English;
			hasScannedForEncodings = 0;
			knownRegions = (
				en,
				Base,
			);
			mainGroup = 1880FE0C1C33B80B00B203F7;
			productRefGroup = 1880FE161C33B80B00B203F7 /* Products */;
			projectDirPath = "";
			projectRoot = "";
			targets = (
				1880FE141C33B80B00B203F7 /* AnimationTest */,
				1880FE2D1C33B80B00B203F7 /* AnimationTestTests */,
				1880FE381C33B80B00B203F7 /* AnimationTestUITests */,
			);
		};
/* End PBXProject section */

/* Begin PBXResourcesBuildPhase section */
		1880FE131C33B80B00B203F7 /* Resources */ = {
			isa = PBXResourcesBuildPhase;
			buildActionMask = 2147483647;
			files = (
				1880FE251C33B80B00B203F7 /* Assets.xcassets in Resources */,
				1880FE231C33B80B00B203F7 /* Main.storyboard in Resources */,
			);
			runOnlyForDeploymentPostprocessing = 0;
		};
		1880FE2C1C33B80B00B203F7 /* Resources */ = {
			isa = PBXResourcesBuildPhase;
			buildActionMask = 2147483647;
			files = (
			);
			runOnlyForDeploymentPostprocessing = 0;
		};
		1880FE371C33B80B00B203F7 /* Resources */ = {
			isa = PBXResourcesBuildPhase;
			buildActionMask = 2147483647;
			files = (
			);
			runOnlyForDeploymentPostprocessing = 0;
		};
/* End PBXResourcesBuildPhase section */

/* Begin PBXShellScriptBuildPhase section */
		1974A7F6FF350EE01653B74D /* Copy Pods Resources */ = {
			isa = PBXShellScriptBuildPhase;
			buildActionMask = 2147483647;
			files = (
			);
			inputPaths = (
			);
			name = "Copy Pods Resources";
			outputPaths = (
			);
			runOnlyForDeploymentPostprocessing = 0;
			shellPath = /bin/sh;
			shellScript = "\"${SRCROOT}/Pods/Target Support Files/Pods-AnimationTest/Pods-AnimationTest-resources.sh\"\n";
			showEnvVarsInLog = 0;
		};
		1A8FC4F1D226CD328050C07E /* Embed Pods Frameworks */ = {
			isa = PBXShellScriptBuildPhase;
			buildActionMask = 2147483647;
			files = (
			);
			inputPaths = (
			);
			name = "Embed Pods Frameworks";
			outputPaths = (
			);
			runOnlyForDeploymentPostprocessing = 0;
			shellPath = /bin/sh;
			shellScript = "\"${SRCROOT}/Pods/Target Support Files/Pods-AnimationTest/Pods-AnimationTest-frameworks.sh\"\n";
			showEnvVarsInLog = 0;
		};
		77AD96782BC5D7FA82D87756 /* Check Pods Manifest.lock */ = {
			isa = PBXShellScriptBuildPhase;
			buildActionMask = 2147483647;
			files = (
			);
			inputPaths = (
			);
			name = "Check Pods Manifest.lock";
			outputPaths = (
			);
			runOnlyForDeploymentPostprocessing = 0;
			shellPath = /bin/sh;
			shellScript = "diff \"${PODS_ROOT}/../Podfile.lock\" \"${PODS_ROOT}/Manifest.lock\" > /dev/null\nif [[ $? != 0 ]] ; then\n    cat << EOM\nerror: The sandbox is not in sync with the Podfile.lock. Run 'pod install' or update your CocoaPods installation.\nEOM\n    exit 1\nfi\n";
			showEnvVarsInLog = 0;
		};
/* End PBXShellScriptBuildPhase section */

/* Begin PBXSourcesBuildPhase section */
		1880FE111C33B80B00B203F7 /* Sources */ = {
			isa = PBXSourcesBuildPhase;
			buildActionMask = 2147483647;
			files = (
				185036F11CB4F8CE00AFBED2 /* RoundCirclePathAnimation.m in Sources */,
				093DBCD51CAD74B2001CA35F /* CABasicAnimationViewController.m in Sources */,
				1880FE201C33B80B00B203F7 /* ViewController.m in Sources */,
				093DBCD81CAD78A5001CA35F /* CAKeyFrameAnimationDemoVC.m in Sources */,
				1880FE1D1C33B80B00B203F7 /* AppDelegate.m in Sources */,
				1880FE1A1C33B80B00B203F7 /* main.m in Sources */,
				1880FED11C33E05000B203F7 /* CALayer+MyCALayer.m in Sources */,
			);
			runOnlyForDeploymentPostprocessing = 0;
		};
		1880FE2A1C33B80B00B203F7 /* Sources */ = {
			isa = PBXSourcesBuildPhase;
			buildActionMask = 2147483647;
			files = (
				1880FE331C33B80B00B203F7 /* AnimationTestTests.m in Sources */,
			);
			runOnlyForDeploymentPostprocessing = 0;
		};
		1880FE351C33B80B00B203F7 /* Sources */ = {
			isa = PBXSourcesBuildPhase;
			buildActionMask = 2147483647;
			files = (
				1880FE3E1C33B80B00B203F7 /* AnimationTestUITests.m in Sources */,
			);
			runOnlyForDeploymentPostprocessing = 0;
		};
/* End PBXSourcesBuildPhase section */

/* Begin PBXTargetDependency section */
		1880FE301C33B80B00B203F7 /* PBXTargetDependency */ = {
			isa = PBXTargetDependency;
			target = 1880FE141C33B80B00B203F7 /* AnimationTest */;
			targetProxy = 1880FE2F1C33B80B00B203F7 /* PBXContainerItemProxy */;
		};
		1880FE3B1C33B80B00B203F7 /* PBXTargetDependency */ = {
			isa = PBXTargetDependency;
			target = 1880FE141C33B80B00B203F7 /* AnimationTest */;
			targetProxy = 1880FE3A1C33B80B00B203F7 /* PBXContainerItemProxy */;
		};
/* End PBXTargetDependency section */

/* Begin PBXVariantGroup section */
		1880FE211C33B80B00B203F7 /* Main.storyboard */ = {
			isa = PBXVariantGroup;
			children = (
				1880FE221C33B80B00B203F7 /* Base */,
			);
			name = Main.storyboard;
			sourceTree = "<group>";
		};
/* End PBXVariantGroup section */

/* Begin XCBuildConfiguration section */
		1880FE401C33B80B00B203F7 /* Debug */ = {
			isa = XCBuildConfiguration;
			buildSettings = {
				ALWAYS_SEARCH_USER_PATHS = NO;
				CLANG_CXX_LANGUAGE_STANDARD = "gnu++0x";
				CLANG_CXX_LIBRARY = "libc++";
				CLANG_ENABLE_MODULES = YES;
				CLANG_ENABLE_OBJC_ARC = YES;
				CLANG_WARN_BOOL_CONVERSION = YES;
				CLANG_WARN_CONSTANT_CONVERSION = YES;
				CLANG_WARN_DIRECT_OBJC_ISA_USAGE = YES_ERROR;
				CLANG_WARN_EMPTY_BODY = YES;
				CLANG_WARN_ENUM_CONVERSION = YES;
				CLANG_WARN_INT_CONVERSION = YES;
				CLANG_WARN_OBJC_ROOT_CLASS = YES_ERROR;
				CLANG_WARN_UNREACHABLE_CODE = YES;
				CLANG_WARN__DUPLICATE_METHOD_MATCH = YES;
				"CODE_SIGN_IDENTITY[sdk=iphoneos*]" = "iPhone Developer";
				COPY_PHASE_STRIP = NO;
				DEBUG_INFORMATION_FORMAT = dwarf;
				ENABLE_STRICT_OBJC_MSGSEND = YES;
				ENABLE_TESTABILITY = YES;
				GCC_C_LANGUAGE_STANDARD = gnu99;
				GCC_DYNAMIC_NO_PIC = NO;
				GCC_NO_COMMON_BLOCKS = YES;
				GCC_OPTIMIZATION_LEVEL = 0;
				GCC_PREPROCESSOR_DEFINITIONS = (
					"DEBUG=1",
					"$(inherited)",
				);
				GCC_WARN_64_TO_32_BIT_CONVERSION = YES;
				GCC_WARN_ABOUT_RETURN_TYPE = YES_ERROR;
				GCC_WARN_UNDECLARED_SELECTOR = YES;
				GCC_WARN_UNINITIALIZED_AUTOS = YES_AGGRESSIVE;
				GCC_WARN_UNUSED_FUNCTION = YES;
				GCC_WARN_UNUSED_VARIABLE = YES;
				IPHONEOS_DEPLOYMENT_TARGET = 9.1;
				MTL_ENABLE_DEBUG_INFO = YES;
				ONLY_ACTIVE_ARCH = YES;
				SDKROOT = iphoneos;
				TARGETED_DEVICE_FAMILY = "1,2";
			};
			name = Debug;
		};
		1880FE411C33B80B00B203F7 /* Release */ = {
			isa = XCBuildConfiguration;
			buildSettings = {
				ALWAYS_SEARCH_USER_PATHS = NO;
				CLANG_CXX_LANGUAGE_STANDARD = "gnu++0x";
				CLANG_CXX_LIBRARY = "libc++";
				CLANG_ENABLE_MODULES = YES;
				CLANG_ENABLE_OBJC_ARC = YES;
				CLANG_WARN_BOOL_CONVERSION = YES;
				CLANG_WARN_CONSTANT_CONVERSION = YES;
				CLANG_WARN_DIRECT_OBJC_ISA_USAGE = YES_ERROR;
				CLANG_WARN_EMPTY_BODY = YES;
				CLANG_WARN_ENUM_CONVERSION = YES;
				CLANG_WARN_INT_CONVERSION = YES;
				CLANG_WARN_OBJC_ROOT_CLASS = YES_ERROR;
				CLANG_WARN_UNREACHABLE_CODE = YES;
				CLANG_WARN__DUPLICATE_METHOD_MATCH = YES;
				"CODE_SIGN_IDENTITY[sdk=iphoneos*]" = "iPhone Developer";
				COPY_PHASE_STRIP = NO;
				DEBUG_INFORMATION_FORMAT = "dwarf-with-dsym";
				ENABLE_NS_ASSERTIONS = NO;
				ENABLE_STRICT_OBJC_MSGSEND = YES;
				GCC_C_LANGUAGE_STANDARD = gnu99;
				GCC_NO_COMMON_BLOCKS = YES;
				GCC_WARN_64_TO_32_BIT_CONVERSION = YES;
				GCC_WARN_ABOUT_RETURN_TYPE = YES_ERROR;
				GCC_WARN_UNDECLARED_SELECTOR = YES;
				GCC_WARN_UNINITIALIZED_AUTOS = YES_AGGRESSIVE;
				GCC_WARN_UNUSED_FUNCTION = YES;
				GCC_WARN_UNUSED_VARIABLE = YES;
				IPHONEOS_DEPLOYMENT_TARGET = 9.1;
				MTL_ENABLE_DEBUG_INFO = NO;
				SDKROOT = iphoneos;
				TARGETED_DEVICE_FAMILY = "1,2";
				VALIDATE_PRODUCT = YES;
			};
			name = Release;
		};
		1880FE431C33B80B00B203F7 /* Debug */ = {
			isa = XCBuildConfiguration;
			baseConfigurationReference = 71549D112CE39AC3D457E7C9 /* Pods-AnimationTest.debug.xcconfig */;
			buildSettings = {
				ASSETCATALOG_COMPILER_APPICON_NAME = AppIcon;
				CODE_SIGN_IDENTITY = "iPhone Developer";
				"CODE_SIGN_IDENTITY[sdk=iphoneos*]" = "iPhone Developer";
				GCC_PREFIX_HEADER = "$(SRCROOT)/AnimationTest/PrefixHeader.pch";
				INFOPLIST_FILE = AnimationTest/Info.plist;
				IPHONEOS_DEPLOYMENT_TARGET = 6.0;
				LD_RUNPATH_SEARCH_PATHS = "$(inherited) @executable_path/Frameworks";
				PRODUCT_BUNDLE_IDENTIFIER = com.yuntu.text.AnimationTest;
				PRODUCT_NAME = "$(TARGET_NAME)";
				PROVISIONING_PROFILE = "";
			};
			name = Debug;
		};
		1880FE441C33B80B00B203F7 /* Release */ = {
			isa = XCBuildConfiguration;
			baseConfigurationReference = FD984DDEC3418E7A7FC8C1B8 /* Pods-AnimationTest.release.xcconfig */;
			buildSettings = {
				ASSETCATALOG_COMPILER_APPICON_NAME = AppIcon;
				CODE_SIGN_IDENTITY = "iPhone Developer";
				"CODE_SIGN_IDENTITY[sdk=iphoneos*]" = "iPhone Developer";
				GCC_PREFIX_HEADER = "$(SRCROOT)/AnimationTest/PrefixHeader.pch";
				INFOPLIST_FILE = AnimationTest/Info.plist;
				IPHONEOS_DEPLOYMENT_TARGET = 6.0;
				LD_RUNPATH_SEARCH_PATHS = "$(inherited) @executable_path/Frameworks";
				PRODUCT_BUNDLE_IDENTIFIER = com.yuntu.text.AnimationTest;
				PRODUCT_NAME = "$(TARGET_NAME)";
				PROVISIONING_PROFILE = "";
			};
			name = Release;
		};
		1880FE461C33B80B00B203F7 /* Debug */ = {
			isa = XCBuildConfiguration;
			buildSettings = {
				BUNDLE_LOADER = "$(TEST_HOST)";
				INFOPLIST_FILE = AnimationTestTests/Info.plist;
				LD_RUNPATH_SEARCH_PATHS = "$(inherited) @executable_path/Frameworks @loader_path/Frameworks";
				PRODUCT_BUNDLE_IDENTIFIER = com.yuntu.text.AnimationTestTests;
				PRODUCT_NAME = "$(TARGET_NAME)";
				TEST_HOST = "$(BUILT_PRODUCTS_DIR)/AnimationTest.app/AnimationTest";
			};
			name = Debug;
		};
		1880FE471C33B80B00B203F7 /* Release */ = {
			isa = XCBuildConfiguration;
			buildSettings = {
				BUNDLE_LOADER = "$(TEST_HOST)";
				INFOPLIST_FILE = AnimationTestTests/Info.plist;
				LD_RUNPATH_SEARCH_PATHS = "$(inherited) @executable_path/Frameworks @loader_path/Frameworks";
				PRODUCT_BUNDLE_IDENTIFIER = com.yuntu.text.AnimationTestTests;
				PRODUCT_NAME = "$(TARGET_NAME)";
				TEST_HOST = "$(BUILT_PRODUCTS_DIR)/AnimationTest.app/AnimationTest";
			};
			name = Release;
		};
		1880FE491C33B80B00B203F7 /* Debug */ = {
			isa = XCBuildConfiguration;
			buildSettings = {
				INFOPLIST_FILE = AnimationTestUITests/Info.plist;
				LD_RUNPATH_SEARCH_PATHS = "$(inherited) @executable_path/Frameworks @loader_path/Frameworks";
				PRODUCT_BUNDLE_IDENTIFIER = com.yuntu.text.AnimationTestUITests;
				PRODUCT_NAME = "$(TARGET_NAME)";
				TEST_TARGET_NAME = AnimationTest;
				USES_XCTRUNNER = YES;
			};
			name = Debug;
		};
		1880FE4A1C33B80B00B203F7 /* Release */ = {
			isa = XCBuildConfiguration;
			buildSettings = {
				INFOPLIST_FILE = AnimationTestUITests/Info.plist;
				LD_RUNPATH_SEARCH_PATHS = "$(inherited) @executable_path/Frameworks @loader_path/Frameworks";
				PRODUCT_BUNDLE_IDENTIFIER = com.yuntu.text.AnimationTestUITests;
				PRODUCT_NAME = "$(TARGET_NAME)";
				TEST_TARGET_NAME = AnimationTest;
				USES_XCTRUNNER = YES;
			};
			name = Release;
		};
/* End XCBuildConfiguration section */

/* Begin XCConfigurationList section */
		1880FE101C33B80B00B203F7 /* Build configuration list for PBXProject "AnimationTest" */ = {
			isa = XCConfigurationList;
			buildConfigurations = (
				1880FE401C33B80B00B203F7 /* Debug */,
				1880FE411C33B80B00B203F7 /* Release */,
			);
			defaultConfigurationIsVisible = 0;
			defaultConfigurationName = Release;
		};
		1880FE421C33B80B00B203F7 /* Build configuration list for PBXNativeTarget "AnimationTest" */ = {
			isa = XCConfigurationList;
			buildConfigurations = (
				1880FE431C33B80B00B203F7 /* Debug */,
				1880FE441C33B80B00B203F7 /* Release */,
			);
			defaultConfigurationIsVisible = 0;
			defaultConfigurationName = Release;
		};
		1880FE451C33B80B00B203F7 /* Build configuration list for PBXNativeTarget "AnimationTestTests" */ = {
			isa = XCConfigurationList;
			buildConfigurations = (
				1880FE461C33B80B00B203F7 /* Debug */,
				1880FE471C33B80B00B203F7 /* Release */,
			);
			defaultConfigurationIsVisible = 0;
			defaultConfigurationName = Release;
		};
		1880FE481C33B80B00B203F7 /* Build configuration list for PBXNativeTarget "AnimationTestUITests" */ = {
			isa = XCConfigurationList;
			buildConfigurations = (
				1880FE491C33B80B00B203F7 /* Debug */,
				1880FE4A1C33B80B00B203F7 /* Release */,
			);
			defaultConfigurationIsVisible = 0;
			defaultConfigurationName = Release;
		};
/* End XCConfigurationList section */
	};
	rootObject = 1880FE0D1C33B80B00B203F7 /* Project object */;
}
